
Microsoft Visual Studio Solution File, Format Version 12.00
# Visual Studio Version 16
VisualStudioVersion = 16.0.30717.126
MinimumVisualStudioVersion = 10.0.40219.1
Project("{9A19103F-16F7-4668-BE54-9A1E7A4F7556}") = "ABJAD.Server", "ABJAD.Server\ABJAD.Server.csproj", "{3F66DE3C-D896-4672-96B1-296A5D21B7AD}"
EndProject
Project("{2150E333-8FDC-42A3-9474-1A3956D46DE8}") = "backend", "backend", "{57A2033E-D931-459E-A122-646688BFEDE9}"
EndProject
Project("{FAE04EC0-301F-11D3-BF4B-00C04F79EFBC}") = "ABJAD.Server", "backend\ABJAD.Server\ABJAD.Server.csproj", "{3EB182BF-4AAD-495B-B808-E2E665067EBA}"
EndProject
Global
	GlobalSection(SolutionConfigurationPlatforms) = preSolution
		Debug|Any CPU = Debug|Any CPU
		Release|Any CPU = Release|Any CPU
	EndGlobalSection
	GlobalSection(ProjectConfigurationPlatforms) = postSolution
		{3F66DE3C-D896-4672-96B1-296A5D21B7AD}.Debug|Any CPU.ActiveCfg = Debug|Any CPU
		{3F66DE3C-D896-4672-96B1-296A5D21B7AD}.Debug|Any CPU.Build.0 = Debug|Any CPU
		{3F66DE3C-D896-4672-96B1-296A5D21B7AD}.Release|Any CPU.ActiveCfg = Release|Any CPU
		{3F66DE3C-D896-4672-96B1-296A5D21B7AD}.Release|Any CPU.Build.0 = Release|Any CPU
		{3EB182BF-4AAD-495B-B808-E2E665067EBA}.Debug|Any CPU.ActiveCfg = Debug|Any CPU
		{3EB182BF-4AAD-495B-B808-E2E665067EBA}.Debug|Any CPU.Build.0 = Debug|Any CPU
		{3EB182BF-4AAD-495B-B808-E2E665067EBA}.Release|Any CPU.ActiveCfg = Release|Any CPU
		{3EB182BF-4AAD-495B-B808-E2E665067EBA}.Release|Any CPU.Build.0 = Release|Any CPU
	EndGlobalSection
	GlobalSection(SolutionProperties) = preSolution
		HideSolutionNode = FALSE
	EndGlobalSection
	GlobalSection(ExtensibilityGlobals) = postSolution
		SolutionGuid = {37C7F1E4-D5AA-4F13-A39D-D1C661187660}
	EndGlobalSection
	GlobalSection(NestedProjects) = preSolution
		{3EB182BF-4AAD-495B-B808-E2E665067EBA} = {57A2033E-D931-459E-A122-646688BFEDE9}
	EndGlobalSection
EndGlobal
