
Microsoft Visual Studio Solution File, Format Version 12.00
# Visual Studio Version 16
VisualStudioVersion = 16.0.30717.126
MinimumVisualStudioVersion = 10.0.40219.1
Project("{2150E333-8FDC-42A3-9474-1A3956D46DE8}") = "backend", "backend", "{57A2033E-D931-459E-A122-646688BFEDE9}"
EndProject
Project("{9092AA53-FB77-4645-B42D-1CCCA6BD08BD}") = "web", "frontend\web\web.njsproj", "{C0E55E4B-1F97-4AA3-8DFC-CE01F720063E}"
EndProject
Project("{2150E333-8FDC-42A3-9474-1A3956D46DE8}") = "frontend", "frontend", "{9C02BD70-34F9-4F5E-ACA1-5B8CBD8C5B5F}"
EndProject
Project("{FAE04EC0-301F-11D3-BF4B-00C04F79EFBC}") = "ABJAD.WebServer", "backend\ABJAD.WebServer\ABJAD.WebServer.csproj", "{0A0CED62-E8A7-4FB7-A262-3D7F644F8E25}"
EndProject
Global
	GlobalSection(SolutionConfigurationPlatforms) = preSolution
		Debug|Any CPU = Debug|Any CPU
		Release|Any CPU = Release|Any CPU
	EndGlobalSection
	GlobalSection(ProjectConfigurationPlatforms) = postSolution
		{C0E55E4B-1F97-4AA3-8DFC-CE01F720063E}.Debug|Any CPU.ActiveCfg = Debug|Any CPU
		{C0E55E4B-1F97-4AA3-8DFC-CE01F720063E}.Debug|Any CPU.Build.0 = Debug|Any CPU
		{C0E55E4B-1F97-4AA3-8DFC-CE01F720063E}.Release|Any CPU.ActiveCfg = Release|Any CPU
		{C0E55E4B-1F97-4AA3-8DFC-CE01F720063E}.Release|Any CPU.Build.0 = Release|Any CPU
		{0A0CED62-E8A7-4FB7-A262-3D7F644F8E25}.Debug|Any CPU.ActiveCfg = Debug|Any CPU
		{0A0CED62-E8A7-4FB7-A262-3D7F644F8E25}.Debug|Any CPU.Build.0 = Debug|Any CPU
		{0A0CED62-E8A7-4FB7-A262-3D7F644F8E25}.Release|Any CPU.ActiveCfg = Release|Any CPU
		{0A0CED62-E8A7-4FB7-A262-3D7F644F8E25}.Release|Any CPU.Build.0 = Release|Any CPU
	EndGlobalSection
	GlobalSection(SolutionProperties) = preSolution
		HideSolutionNode = FALSE
	EndGlobalSection
	GlobalSection(NestedProjects) = preSolution
		{C0E55E4B-1F97-4AA3-8DFC-CE01F720063E} = {9C02BD70-34F9-4F5E-ACA1-5B8CBD8C5B5F}
		{0A0CED62-E8A7-4FB7-A262-3D7F644F8E25} = {57A2033E-D931-459E-A122-646688BFEDE9}
	EndGlobalSection
	GlobalSection(ExtensibilityGlobals) = postSolution
		SolutionGuid = {37C7F1E4-D5AA-4F13-A39D-D1C661187660}
	EndGlobalSection
EndGlobal
