
Microsoft Visual Studio Solution File, Format Version 12.00
# Visual Studio Version 16
VisualStudioVersion = 16.0.30717.126
MinimumVisualStudioVersion = 10.0.40219.1
Project("{FAE04EC0-301F-11D3-BF4B-00C04F79EFBC}") = "ABJAD.Server", "ABJAD.Server\ABJAD.Server.csproj", "{5475639F-8691-4E4E-81C8-8F97000D72E8}"
EndProject
Global
	GlobalSection(SolutionConfigurationPlatforms) = preSolution
		Debug|Any CPU = Debug|Any CPU
		Release|Any CPU = Release|Any CPU
	EndGlobalSection
	GlobalSection(ProjectConfigurationPlatforms) = postSolution
		{5475639F-8691-4E4E-81C8-8F97000D72E8}.Debug|Any CPU.ActiveCfg = Debug|Any CPU
		{5475639F-8691-4E4E-81C8-8F97000D72E8}.Debug|Any CPU.Build.0 = Debug|Any CPU
		{5475639F-8691-4E4E-81C8-8F97000D72E8}.Release|Any CPU.ActiveCfg = Release|Any CPU
		{5475639F-8691-4E4E-81C8-8F97000D72E8}.Release|Any CPU.Build.0 = Release|Any CPU
	EndGlobalSection
	GlobalSection(SolutionProperties) = preSolution
		HideSolutionNode = FALSE
	EndGlobalSection
	GlobalSection(ExtensibilityGlobals) = postSolution
		SolutionGuid = {37C7F1E4-D5AA-4F13-A39D-D1C661187660}
	EndGlobalSection
EndGlobal
